
Microsoft Visual Studio Solution File, Format Version 12.00
# Visual Studio Version 16
VisualStudioVersion = 16.0.31624.102
MinimumVisualStudioVersion = 10.0.40219.1
Project("{FAE04EC0-301F-11D3-BF4B-00C04F79EFBC}") = "Phan_mem_quan_ly_ban_thuoc", "Phan_mem_quan_ly_ban_thuoc\Phan_mem_quan_ly_ban_thuoc.csproj", "{65B9DAC6-B49B-4587-A12C-4AAA50CE7775}"
EndProject
Global
	GlobalSection(SolutionConfigurationPlatforms) = preSolution
		Debug|Any CPU = Debug|Any CPU
		Release|Any CPU = Release|Any CPU
	EndGlobalSection
	GlobalSection(ProjectConfigurationPlatforms) = postSolution
		{65B9DAC6-B49B-4587-A12C-4AAA50CE7775}.Debug|Any CPU.ActiveCfg = Debug|Any CPU
		{65B9DAC6-B49B-4587-A12C-4AAA50CE7775}.Debug|Any CPU.Build.0 = Debug|Any CPU
		{65B9DAC6-B49B-4587-A12C-4AAA50CE7775}.Release|Any CPU.ActiveCfg = Release|Any CPU
		{65B9DAC6-B49B-4587-A12C-4AAA50CE7775}.Release|Any CPU.Build.0 = Release|Any CPU
	EndGlobalSection
	GlobalSection(SolutionProperties) = preSolution
		HideSolutionNode = FALSE
	EndGlobalSection
	GlobalSection(ExtensibilityGlobals) = postSolution
		SolutionGuid = {5871EE95-9BEE-48B6-ABBD-34702A0B37BC}
	EndGlobalSection
EndGlobal
